// !$*UTF8*$!
{
	archiveVersion = 1;
	classes = {
	};
	objectVersion = 48;
	objects = {

/* Begin PBXBuildFile section */
		BC813DBB20ECEB78007BC750 /* AppDelegate.swift in Sources */ = {isa = PBXBuildFile; fileRef = BC813DBA20ECEB78007BC750 /* AppDelegate.swift */; };
		BC813DBD20ECEB78007BC750 /* ViewController.swift in Sources */ = {isa = PBXBuildFile; fileRef = BC813DBC20ECEB78007BC750 /* ViewController.swift */; };
		BC813DC020ECEB78007BC750 /* Main.storyboard in Resources */ = {isa = PBXBuildFile; fileRef = BC813DBE20ECEB78007BC750 /* Main.storyboard */; };
		BC813DC220ECEB78007BC750 /* Assets.xcassets in Resources */ = {isa = PBXBuildFile; fileRef = BC813DC120ECEB78007BC750 /* Assets.xcassets */; };
		BC813DC520ECEB78007BC750 /* LaunchScreen.storyboard in Resources */ = {isa = PBXBuildFile; fileRef = BC813DC320ECEB78007BC750 /* LaunchScreen.storyboard */; };
		BC813DCD20ECEC09007BC750 /* ViewControllerTwo.swift in Sources */ = {isa = PBXBuildFile; fileRef = BC813DCC20ECEC09007BC750 /* ViewControllerTwo.swift */; };
/* End PBXBuildFile section */

/* Begin PBXFileReference section */
		BC813DB720ECEB78007BC750 /* Day3.app */ = {isa = PBXFileReference; explicitFileType = wrapper.application; includeInIndex = 0; path = Day3.app; sourceTree = BUILT_PRODUCTS_DIR; };
		BC813DBA20ECEB78007BC750 /* AppDelegate.swift */ = {isa = PBXFileReference; lastKnownFileType = sourcecode.swift; path = AppDelegate.swift; sourceTree = "<group>"; };
		BC813DBC20ECEB78007BC750 /* ViewController.swift */ = {isa = PBXFileReference; lastKnownFileType = sourcecode.swift; path = ViewController.swift; sourceTree = "<group>"; };
		BC813DBF20ECEB78007BC750 /* Base */ = {isa = PBXFileReference; lastKnownFileType = file.storyboard; name = Base; path = Base.lproj/Main.storyboard; sourceTree = "<group>"; };
		BC813DC120ECEB78007BC750 /* Assets.xcassets */ = {isa = PBXFileReference; lastKnownFileType = folder.assetcatalog; path = Assets.xcassets; sourceTree = "<group>"; };
		BC813DC420ECEB78007BC750 /* Base */ = {isa = PBXFileReference; lastKnownFileType = file.storyboard; name = Base; path = Base.lproj/LaunchScreen.storyboard; sourceTree = "<group>"; };
		BC813DC620ECEB78007BC750 /* Info.plist */ = {isa = PBXFileReference; lastKnownFileType = text.plist.xml; path = Info.plist; sourceTree = "<group>"; };
		BC813DCC20ECEC09007BC750 /* ViewControllerTwo.swift */ = {isa = PBXFileReference; lastKnownFileType = sourcecode.swift; path = ViewControllerTwo.swift; sourceTree = "<group>"; };
/* End PBXFileReference section */

/* Begin PBXFrameworksBuildPhase section */
		BC813DB420ECEB78007BC750 /* Frameworks */ = {
			isa = PBXFrameworksBuildPhase;
			buildActionMask = 2147483647;
			files = (
			);
			runOnlyForDeploymentPostprocessing = 0;
		};
/* End PBXFrameworksBuildPhase section */

/* Begin PBXGroup section */
		BC813DAE20ECEB78007BC750 = {
			isa = PBXGroup;
			children = (
				BC813DB920ECEB78007BC750 /* Day3 */,
				BC813DB820ECEB78007BC750 /* Products */,
			);
			sourceTree = "<group>";
		};
		BC813DB820ECEB78007BC750 /* Products */ = {
			isa = PBXGroup;
			children = (
				BC813DB720ECEB78007BC750 /* Day3.app */,
			);
			name = Products;
			sourceTree = "<group>";
		};
		BC813DB920ECEB78007BC750 /* Day3 */ = {
			isa = PBXGroup;
			children = (
				BC813DBA20ECEB78007BC750 /* AppDelegate.swift */,
				BC813DBC20ECEB78007BC750 /* ViewController.swift */,
				BC813DBE20ECEB78007BC750 /* Main.storyboard */,
				BC813DC120ECEB78007BC750 /* Assets.xcassets */,
				BC813DC320ECEB78007BC750 /* LaunchScreen.storyboard */,
				BC813DC620ECEB78007BC750 /* Info.plist */,
				BC813DCC20ECEC09007BC750 /* ViewControllerTwo.swift */,
			);
			path = Day3;
			sourceTree = "<group>";
		};
/* End PBXGroup section */

/* Begin PBXNativeTarget section */
		BC813DB620ECEB78007BC750 /* Day3 */ = {
			isa = PBXNativeTarget;
			buildConfigurationList = BC813DC920ECEB78007BC750 /* Build configuration list for PBXNativeTarget "Day3" */;
			buildPhases = (
				BC813DB320ECEB78007BC750 /* Sources */,
				BC813DB420ECEB78007BC750 /* Frameworks */,
				BC813DB520ECEB78007BC750 /* Resources */,
			);
			buildRules = (
			);
			dependencies = (
			);
			name = Day3;
			productName = Day3;
			productReference = BC813DB720ECEB78007BC750 /* Day3.app */;
			productType = "com.apple.product-type.application";
		};
/* End PBXNativeTarget section */

/* Begin PBXProject section */
		BC813DAF20ECEB78007BC750 /* Project object */ = {
			isa = PBXProject;
			attributes = {
				LastSwiftUpdateCheck = 0920;
				LastUpgradeCheck = 0920;
				ORGANIZATIONNAME = "Trung Kien";
				TargetAttributes = {
					BC813DB620ECEB78007BC750 = {
						CreatedOnToolsVersion = 9.2;
						ProvisioningStyle = Automatic;
					};
				};
			};
			buildConfigurationList = BC813DB220ECEB78007BC750 /* Build configuration list for PBXProject "Day3" */;
			compatibilityVersion = "Xcode 8.0";
			developmentRegion = en;
			hasScannedForEncodings = 0;
			knownRegions = (
				en,
				Base,
			);
			mainGroup = BC813DAE20ECEB78007BC750;
			productRefGroup = BC813DB820ECEB78007BC750 /* Products */;
			projectDirPath = "";
			projectRoot = "";
			targets = (
				BC813DB620ECEB78007BC750 /* Day3 */,
			);
		};
/* End PBXProject section */

/* Begin PBXResourcesBuildPhase section */
		BC813DB520ECEB78007BC750 /* Resources */ = {
			isa = PBXResourcesBuildPhase;
			buildActionMask = 2147483647;
			files = (
				BC813DC520ECEB78007BC750 /* LaunchScreen.storyboard in Resources */,
				BC813DC220ECEB78007BC750 /* Assets.xcassets in Resources */,
				BC813DC020ECEB78007BC750 /* Main.storyboard in Resources */,
			);
			runOnlyForDeploymentPostprocessing = 0;
		};
/* End PBXResourcesBuildPhase section */

/* Begin PBXSourcesBuildPhase section */
		BC813DB320ECEB78007BC750 /* Sources */ = {
			isa = PBXSourcesBuildPhase;
			buildActionMask = 2147483647;
			files = (
				BC813DBD20ECEB78007BC750 /* ViewController.swift in Sources */,
				BC813DBB20ECEB78007BC750 /* AppDelegate.swift in Sources */,
				BC813DCD20ECEC09007BC750 /* ViewControllerTwo.swift in Sources */,
			);
			runOnlyForDeploymentPostprocessing = 0;
		};
/* End PBXSourcesBuildPhase section */

/* Begin PBXVariantGroup section */
		BC813DBE20ECEB78007BC750 /* Main.storyboard */ = {
			isa = PBXVariantGroup;
			children = (
				BC813DBF20ECEB78007BC750 /* Base */,
			);
			name = Main.storyboard;
			sourceTree = "<group>";
		};
		BC813DC320ECEB78007BC750 /* LaunchScreen.storyboard */ = {
			isa = PBXVariantGroup;
			children = (
				BC813DC420ECEB78007BC750 /* Base */,
			);
			name = LaunchScreen.storyboard;
			sourceTree = "<group>";
		};
/* End PBXVariantGroup section */

/* Begin XCBuildConfiguration section */
		BC813DC720ECEB78007BC750 /* Debug */ = {
			isa = XCBuildConfiguration;
			buildSettings = {
				ALWAYS_SEARCH_USER_PATHS = NO;
				CLANG_ANALYZER_NONNULL = YES;
				CLANG_ANALYZER_NUMBER_OBJECT_CONVERSION = YES_AGGRESSIVE;
				CLANG_CXX_LANGUAGE_STANDARD = "gnu++14";
				CLANG_CXX_LIBRARY = "libc++";
				CLANG_ENABLE_MODULES = YES;
				CLANG_ENABLE_OBJC_ARC = YES;
				CLANG_WARN_BLOCK_CAPTURE_AUTORELEASING = YES;
				CLANG_WARN_BOOL_CONVERSION = YES;
				CLANG_WARN_COMMA = YES;
				CLANG_WARN_CONSTANT_CONVERSION = YES;
				CLANG_WARN_DIRECT_OBJC_ISA_USAGE = YES_ERROR;
				CLANG_WARN_DOCUMENTATION_COMMENTS = YES;
				CLANG_WARN_EMPTY_BODY = YES;
				CLANG_WARN_ENUM_CONVERSION = YES;
				CLANG_WARN_INFINITE_RECURSION = YES;
				CLANG_WARN_INT_CONVERSION = YES;
				CLANG_WARN_NON_LITERAL_NULL_CONVERSION = YES;
				CLANG_WARN_OBJC_LITERAL_CONVERSION = YES;
				CLANG_WARN_OBJC_ROOT_CLASS = YES_ERROR;
				CLANG_WARN_RANGE_LOOP_ANALYSIS = YES;
				CLANG_WARN_STRICT_PROTOTYPES = YES;
				CLANG_WARN_SUSPICIOUS_MOVE = YES;
				CLANG_WARN_UNGUARDED_AVAILABILITY = YES_AGGRESSIVE;
				CLANG_WARN_UNREACHABLE_CODE = YES;
				CLANG_WARN__DUPLICATE_METHOD_MATCH = YES;
				CODE_SIGN_IDENTITY = "iPhone Developer";
				COPY_PHASE_STRIP = NO;
				DEBUG_INFORMATION_FORMAT = dwarf;
				ENABLE_STRICT_OBJC_MSGSEND = YES;
				ENABLE_TESTABILITY = YES;
				GCC_C_LANGUAGE_STANDARD = gnu11;
				GCC_DYNAMIC_NO_PIC = NO;
				GCC_NO_COMMON_BLOCKS = YES;
				GCC_OPTIMIZATION_LEVEL = 0;
				GCC_PREPROCESSOR_DEFINITIONS = (
					"DEBUG=1",
					"$(inherited)",
				);
				GCC_WARN_64_TO_32_BIT_CONVERSION = YES;
				GCC_WARN_ABOUT_RETURN_TYPE = YES_ERROR;
				GCC_WARN_UNDECLARED_SELECTOR = YES;
				GCC_WARN_UNINITIALIZED_AUTOS = YES_AGGRESSIVE;
				GCC_WARN_UNUSED_FUNCTION = YES;
				GCC_WARN_UNUSED_VARIABLE = YES;
				IPHONEOS_DEPLOYMENT_TARGET = 11.2;
				MTL_ENABLE_DEBUG_INFO = YES;
				ONLY_ACTIVE_ARCH = YES;
				SDKROOT = iphoneos;
				SWIFT_ACTIVE_COMPILATION_CONDITIONS = DEBUG;
				SWIFT_OPTIMIZATION_LEVEL = "-Onone";
			};
			name = Debug;
		};
		BC813DC820ECEB78007BC750 /* Release */ = {
			isa = XCBuildConfiguration;
			buildSettings = {
				ALWAYS_SEARCH_USER_PATHS = NO;
				CLANG_ANALYZER_NONNULL = YES;
				CLANG_ANALYZER_NUMBER_OBJECT_CONVERSION = YES_AGGRESSIVE;
				CLANG_CXX_LANGUAGE_STANDARD = "gnu++14";
				CLANG_CXX_LIBRARY = "libc++";
				CLANG_ENABLE_MODULES = YES;
				CLANG_ENABLE_OBJC_ARC = YES;
				CLANG_WARN_BLOCK_CAPTURE_AUTORELEASING = YES;
				CLANG_WARN_BOOL_CONVERSION = YES;
				CLANG_WARN_COMMA = YES;
				CLANG_WARN_CONSTANT_CONVERSION = YES;
				CLANG_WARN_DIRECT_OBJC_ISA_USAGE = YES_ERROR;
				CLANG_WARN_DOCUMENTATION_COMMENTS = YES;
				CLANG_WARN_EMPTY_BODY = YES;
				CLANG_WARN_ENUM_CONVERSION = YES;
				CLANG_WARN_INFINITE_RECURSION = YES;
				CLANG_WARN_INT_CONVERSION = YES;
				CLANG_WARN_NON_LITERAL_NULL_CONVERSION = YES;
				CLANG_WARN_OBJC_LITERAL_CONVERSION = YES;
				CLANG_WARN_OBJC_ROOT_CLASS = YES_ERROR;
				CLANG_WARN_RANGE_LOOP_ANALYSIS = YES;
				CLANG_WARN_STRICT_PROTOTYPES = YES;
				CLANG_WARN_SUSPICIOUS_MOVE = YES;
				CLANG_WARN_UNGUARDED_AVAILABILITY = YES_AGGRESSIVE;
				CLANG_WARN_UNREACHABLE_CODE = YES;
				CLANG_WARN__DUPLICATE_METHOD_MATCH = YES;
				CODE_SIGN_IDENTITY = "iPhone Developer";
				COPY_PHASE_STRIP = NO;
				DEBUG_INFORMATION_FORMAT = "dwarf-with-dsym";
				ENABLE_NS_ASSERTIONS = NO;
				ENABLE_STRICT_OBJC_MSGSEND = YES;
				GCC_C_LANGUAGE_STANDARD = gnu11;
				GCC_NO_COMMON_BLOCKS = YES;
				GCC_WARN_64_TO_32_BIT_CONVERSION = YES;
				GCC_WARN_ABOUT_RETURN_TYPE = YES_ERROR;
				GCC_WARN_UNDECLARED_SELECTOR = YES;
				GCC_WARN_UNINITIALIZED_AUTOS = YES_AGGRESSIVE;
				GCC_WARN_UNUSED_FUNCTION = YES;
				GCC_WARN_UNUSED_VARIABLE = YES;
				IPHONEOS_DEPLOYMENT_TARGET = 11.2;
				MTL_ENABLE_DEBUG_INFO = NO;
				SDKROOT = iphoneos;
				SWIFT_OPTIMIZATION_LEVEL = "-Owholemodule";
				VALIDATE_PRODUCT = YES;
			};
			name = Release;
		};
		BC813DCA20ECEB78007BC750 /* Debug */ = {
			isa = XCBuildConfiguration;
			buildSettings = {
				ASSETCATALOG_COMPILER_APPICON_NAME = AppIcon;
				CODE_SIGN_STYLE = Automatic;
				INFOPLIST_FILE = Day3/Info.plist;
				LD_RUNPATH_SEARCH_PATHS = "$(inherited) @executable_path/Frameworks";
				PRODUCT_BUNDLE_IDENTIFIER = com.meoteam.kienphan.Day3;
				PRODUCT_NAME = "$(TARGET_NAME)";
				SWIFT_VERSION = 4.0;
				TARGETED_DEVICE_FAMILY = "1,2";
			};
			name = Debug;
		};
		BC813DCB20ECEB78007BC750 /* Release */ = {
			isa = XCBuildConfiguration;
			buildSettings = {
				ASSETCATALOG_COMPILER_APPICON_NAME = AppIcon;
				CODE_SIGN_STYLE = Automatic;
				INFOPLIST_FILE = Day3/Info.plist;
				LD_RUNPATH_SEARCH_PATHS = "$(inherited) @executable_path/Frameworks";
				PRODUCT_BUNDLE_IDENTIFIER = com.meoteam.kienphan.Day3;
				PRODUCT_NAME = "$(TARGET_NAME)";
				SWIFT_VERSION = 4.0;
				TARGETED_DEVICE_FAMILY = "1,2";
			};
			name = Release;
		};
/* End XCBuildConfiguration section */

/* Begin XCConfigurationList section */
		BC813DB220ECEB78007BC750 /* Build configuration list for PBXProject "Day3" */ = {
			isa = XCConfigurationList;
			buildConfigurations = (
				BC813DC720ECEB78007BC750 /* Debug */,
				BC813DC820ECEB78007BC750 /* Release */,
			);
			defaultConfigurationIsVisible = 0;
			defaultConfigurationName = Release;
		};
		BC813DC920ECEB78007BC750 /* Build configuration list for PBXNativeTarget "Day3" */ = {
			isa = XCConfigurationList;
			buildConfigurations = (
				BC813DCA20ECEB78007BC750 /* Debug */,
				BC813DCB20ECEB78007BC750 /* Release */,
			);
			defaultConfigurationIsVisible = 0;
			defaultConfigurationName = Release;
		};
/* End XCConfigurationList section */
	};
	rootObject = BC813DAF20ECEB78007BC750 /* Project object */;
}
